// !$*UTF8*$!
{
	archiveVersion = 1;
	classes = {
	};
	objectVersion = 56;
	objects = {

/* Begin PBXBuildFile section */
		02CEB9182B0868C30036A100 /* AppDelegate.swift in Sources */ = {isa = PBXBuildFile; fileRef = 02CEB9172B0868C30036A100 /* AppDelegate.swift */; };
		02CEB91A2B0868C30036A100 /* SceneDelegate.swift in Sources */ = {isa = PBXBuildFile; fileRef = 02CEB9192B0868C30036A100 /* SceneDelegate.swift */; };
		02CEB9212B0868C40036A100 /* Assets.xcassets in Resources */ = {isa = PBXBuildFile; fileRef = 02CEB9202B0868C40036A100 /* Assets.xcassets */; };
		02CEB9242B0868C40036A100 /* LaunchScreen.storyboard in Resources */ = {isa = PBXBuildFile; fileRef = 02CEB9222B0868C40036A100 /* LaunchScreen.storyboard */; };
		02CEB92D2B08806B0036A100 /* SnapKit in Frameworks */ = {isa = PBXBuildFile; productRef = 02CEB92C2B08806B0036A100 /* SnapKit */; };
		34A8DE1F2B0DBF1000331C8D /* WhereViewController.swift in Sources */ = {isa = PBXBuildFile; fileRef = 34A8DE1E2B0DBF1000331C8D /* WhereViewController.swift */; };
		34A8DE212B0DC62800331C8D /* WhereCollectionViewCell.swift in Sources */ = {isa = PBXBuildFile; fileRef = 34A8DE202B0DC62800331C8D /* WhereCollectionViewCell.swift */; };
		367DB4032B0DC83600B91AC8 /* WhoView.swift in Sources */ = {isa = PBXBuildFile; fileRef = 367DB4022B0DC83600B91AC8 /* WhoView.swift */; };
		367DB4052B0DC84D00B91AC8 /* WhoViewViewController.swift in Sources */ = {isa = PBXBuildFile; fileRef = 367DB4042B0DC84D00B91AC8 /* WhoViewViewController.swift */; };
		367DB4072B0DD24B00B91AC8 /* AccompanyTableViewCell.swift in Sources */ = {isa = PBXBuildFile; fileRef = 367DB4062B0DD24B00B91AC8 /* AccompanyTableViewCell.swift */; };
		367DB40A2B0DF32600B91AC8 /* MonthlyCollectionViewCell.swift in Sources */ = {isa = PBXBuildFile; fileRef = 367DB4082B0DF32600B91AC8 /* MonthlyCollectionViewCell.swift */; };
		367DB40B2B0DF32600B91AC8 /* DateSelectCollectionViewCell.swift in Sources */ = {isa = PBXBuildFile; fileRef = 367DB4092B0DF32600B91AC8 /* DateSelectCollectionViewCell.swift */; };
		367DB4102B0DF37F00B91AC8 /* WhenView.swift in Sources */ = {isa = PBXBuildFile; fileRef = 367DB40F2B0DF37F00B91AC8 /* WhenView.swift */; };
		367DB4122B0DF38600B91AC8 /* WhenViewController.swift in Sources */ = {isa = PBXBuildFile; fileRef = 367DB4112B0DF38600B91AC8 /* WhenViewController.swift */; };
		367DB41A2B0DF39900B91AC8 /* UIScreen+.swift in Sources */ = {isa = PBXBuildFile; fileRef = 367DB4132B0DF39900B91AC8 /* UIScreen+.swift */; };
		367DB41C2B0DF39900B91AC8 /* UILabel+.swift in Sources */ = {isa = PBXBuildFile; fileRef = 367DB4152B0DF39900B91AC8 /* UILabel+.swift */; };
		367DB41D2B0DF39900B91AC8 /* String+.swift in Sources */ = {isa = PBXBuildFile; fileRef = 367DB4162B0DF39900B91AC8 /* String+.swift */; };
		367DB41E2B0DF39900B91AC8 /* UIButton+.swift in Sources */ = {isa = PBXBuildFile; fileRef = 367DB4172B0DF39900B91AC8 /* UIButton+.swift */; };
		367DB41F2B0DF39900B91AC8 /* Adjust+.swift in Sources */ = {isa = PBXBuildFile; fileRef = 367DB4182B0DF39900B91AC8 /* Adjust+.swift */; };
		367DB4202B0DF39900B91AC8 /* UIStackView+.swift in Sources */ = {isa = PBXBuildFile; fileRef = 367DB4192B0DF39900B91AC8 /* UIStackView+.swift */; };
		367DB4222B0DF3CA00B91AC8 /* UIView+.swift in Sources */ = {isa = PBXBuildFile; fileRef = 367DB4212B0DF3CA00B91AC8 /* UIView+.swift */; };
		367DB4262B0DF3F200B91AC8 /* SegmentButton.swift in Sources */ = {isa = PBXBuildFile; fileRef = 367DB4242B0DF3F200B91AC8 /* SegmentButton.swift */; };
		367DB4272B0DF3F200B91AC8 /* CalendarView.swift in Sources */ = {isa = PBXBuildFile; fileRef = 367DB4252B0DF3F200B91AC8 /* CalendarView.swift */; };
		367DB4292B0DF40400B91AC8 /* CalendarDateFormatter.swift in Sources */ = {isa = PBXBuildFile; fileRef = 367DB4282B0DF40400B91AC8 /* CalendarDateFormatter.swift */; };
		3686A6C52B0CA07F0072261D /* (null) in Sources */ = {isa = PBXBuildFile; };
		3686A6C72B0CAD6A0072261D /* (null) in Sources */ = {isa = PBXBuildFile; };
		3686A6C92B0CB2840072261D /* (null) in Sources */ = {isa = PBXBuildFile; };
		3686A6D12B0D0BE20072261D /* (null) in Sources */ = {isa = PBXBuildFile; };
		36983A0F2B0BD8A300E05FFE /* (null) in Sources */ = {isa = PBXBuildFile; };
		36F2E5512B08975200794274 /* A.swift in Sources */ = {isa = PBXBuildFile; fileRef = 36F2E5502B08975200794274 /* A.swift */; };
		36F2E5552B08976100794274 /* B.swift in Sources */ = {isa = PBXBuildFile; fileRef = 36F2E5542B08976100794274 /* B.swift */; };
		36F2E5572B08976500794274 /* C.swift in Sources */ = {isa = PBXBuildFile; fileRef = 36F2E5562B08976500794274 /* C.swift */; };
		36F2E5592B08979400794274 /* ImageLiteral.swift in Sources */ = {isa = PBXBuildFile; fileRef = 36F2E5582B08979400794274 /* ImageLiteral.swift */; };
		36F2E55B2B08979F00794274 /* Font.swift in Sources */ = {isa = PBXBuildFile; fileRef = 36F2E55A2B08979F00794274 /* Font.swift */; };
		36F2E55D2B0897A800794274 /* Color.swift in Sources */ = {isa = PBXBuildFile; fileRef = 36F2E55C2B0897A800794274 /* Color.swift */; };
		36F2E5602B08AAA700794274 /* Kingfisher in Frameworks */ = {isa = PBXBuildFile; productRef = 36F2E55F2B08AAA700794274 /* Kingfisher */; };
		36F2E5632B08AAC900794274 /* FSCalendar in Frameworks */ = {isa = PBXBuildFile; productRef = 36F2E5622B08AAC900794274 /* FSCalendar */; };
		36F2E5772B09CEDD00794274 /* Poppins-SemiBold.ttf in Resources */ = {isa = PBXBuildFile; fileRef = 36F2E5762B09CEDD00794274 /* Poppins-SemiBold.ttf */; };
		36F2E57D2B0A5C8900794274 /* (null) in Sources */ = {isa = PBXBuildFile; };
		36F2E57F2B0A5C9B00794274 /* (null) in Sources */ = {isa = PBXBuildFile; };
		36F2E5822B0A5F1800794274 /* CustomNavigationView.swift in Sources */ = {isa = PBXBuildFile; fileRef = 36F2E5812B0A5F1800794274 /* CustomNavigationView.swift */; };
		36F2E5842B0A61B900794274 /* UIStackView+.swift in Sources */ = {isa = PBXBuildFile; fileRef = 36F2E5832B0A61B900794274 /* UIStackView+.swift */; };
		36F2E5882B0A746D00794274 /* UILabel+.swift in Sources */ = {isa = PBXBuildFile; fileRef = 36F2E5872B0A746D00794274 /* UILabel+.swift */; };
/* End PBXBuildFile section */

/* Begin PBXFileReference section */
		02CEB9142B0868C30036A100 /* Airbnb-iOS.app */ = {isa = PBXFileReference; explicitFileType = wrapper.application; includeInIndex = 0; path = "Airbnb-iOS.app"; sourceTree = BUILT_PRODUCTS_DIR; };
		02CEB9172B0868C30036A100 /* AppDelegate.swift */ = {isa = PBXFileReference; lastKnownFileType = sourcecode.swift; path = AppDelegate.swift; sourceTree = "<group>"; };
		02CEB9192B0868C30036A100 /* SceneDelegate.swift */ = {isa = PBXFileReference; lastKnownFileType = sourcecode.swift; path = SceneDelegate.swift; sourceTree = "<group>"; };
		02CEB9202B0868C40036A100 /* Assets.xcassets */ = {isa = PBXFileReference; lastKnownFileType = folder.assetcatalog; path = Assets.xcassets; sourceTree = "<group>"; };
		02CEB9232B0868C40036A100 /* Base */ = {isa = PBXFileReference; lastKnownFileType = file.storyboard; name = Base; path = Base.lproj/LaunchScreen.storyboard; sourceTree = "<group>"; };
		02CEB9252B0868C40036A100 /* Info.plist */ = {isa = PBXFileReference; lastKnownFileType = text.plist.xml; path = Info.plist; sourceTree = "<group>"; };
		34A8DE1E2B0DBF1000331C8D /* WhereViewController.swift */ = {isa = PBXFileReference; lastKnownFileType = sourcecode.swift; path = WhereViewController.swift; sourceTree = "<group>"; };
		34A8DE202B0DC62800331C8D /* WhereCollectionViewCell.swift */ = {isa = PBXFileReference; lastKnownFileType = sourcecode.swift; path = WhereCollectionViewCell.swift; sourceTree = "<group>"; };
		367DB4022B0DC83600B91AC8 /* WhoView.swift */ = {isa = PBXFileReference; lastKnownFileType = sourcecode.swift; path = WhoView.swift; sourceTree = "<group>"; };
		367DB4042B0DC84D00B91AC8 /* WhoViewViewController.swift */ = {isa = PBXFileReference; lastKnownFileType = sourcecode.swift; path = WhoViewViewController.swift; sourceTree = "<group>"; };
		367DB4062B0DD24B00B91AC8 /* AccompanyTableViewCell.swift */ = {isa = PBXFileReference; lastKnownFileType = sourcecode.swift; path = AccompanyTableViewCell.swift; sourceTree = "<group>"; };
		367DB4082B0DF32600B91AC8 /* MonthlyCollectionViewCell.swift */ = {isa = PBXFileReference; fileEncoding = 4; lastKnownFileType = sourcecode.swift; path = MonthlyCollectionViewCell.swift; sourceTree = "<group>"; };
		367DB4092B0DF32600B91AC8 /* DateSelectCollectionViewCell.swift */ = {isa = PBXFileReference; fileEncoding = 4; lastKnownFileType = sourcecode.swift; path = DateSelectCollectionViewCell.swift; sourceTree = "<group>"; };
		367DB40F2B0DF37F00B91AC8 /* WhenView.swift */ = {isa = PBXFileReference; fileEncoding = 4; lastKnownFileType = sourcecode.swift; path = WhenView.swift; sourceTree = "<group>"; };
		367DB4112B0DF38600B91AC8 /* WhenViewController.swift */ = {isa = PBXFileReference; fileEncoding = 4; lastKnownFileType = sourcecode.swift; path = WhenViewController.swift; sourceTree = "<group>"; };
		367DB4132B0DF39900B91AC8 /* UIScreen+.swift */ = {isa = PBXFileReference; fileEncoding = 4; lastKnownFileType = sourcecode.swift; path = "UIScreen+.swift"; sourceTree = "<group>"; };
		367DB4152B0DF39900B91AC8 /* UILabel+.swift */ = {isa = PBXFileReference; fileEncoding = 4; lastKnownFileType = sourcecode.swift; path = "UILabel+.swift"; sourceTree = "<group>"; };
		367DB4162B0DF39900B91AC8 /* String+.swift */ = {isa = PBXFileReference; fileEncoding = 4; lastKnownFileType = sourcecode.swift; path = "String+.swift"; sourceTree = "<group>"; };
		367DB4172B0DF39900B91AC8 /* UIButton+.swift */ = {isa = PBXFileReference; fileEncoding = 4; lastKnownFileType = sourcecode.swift; path = "UIButton+.swift"; sourceTree = "<group>"; };
		367DB4182B0DF39900B91AC8 /* Adjust+.swift */ = {isa = PBXFileReference; fileEncoding = 4; lastKnownFileType = sourcecode.swift; path = "Adjust+.swift"; sourceTree = "<group>"; };
		367DB4192B0DF39900B91AC8 /* UIStackView+.swift */ = {isa = PBXFileReference; fileEncoding = 4; lastKnownFileType = sourcecode.swift; path = "UIStackView+.swift"; sourceTree = "<group>"; };
		367DB4212B0DF3CA00B91AC8 /* UIView+.swift */ = {isa = PBXFileReference; fileEncoding = 4; lastKnownFileType = sourcecode.swift; path = "UIView+.swift"; sourceTree = "<group>"; };
		367DB4242B0DF3F200B91AC8 /* SegmentButton.swift */ = {isa = PBXFileReference; fileEncoding = 4; lastKnownFileType = sourcecode.swift; path = SegmentButton.swift; sourceTree = "<group>"; };
		367DB4252B0DF3F200B91AC8 /* CalendarView.swift */ = {isa = PBXFileReference; fileEncoding = 4; lastKnownFileType = sourcecode.swift; path = CalendarView.swift; sourceTree = "<group>"; };
		367DB4282B0DF40400B91AC8 /* CalendarDateFormatter.swift */ = {isa = PBXFileReference; fileEncoding = 4; lastKnownFileType = sourcecode.swift; name = CalendarDateFormatter.swift; path = WhenScene/CalendarDateFormatter.swift; sourceTree = "<group>"; };
		36F2E5502B08975200794274 /* A.swift */ = {isa = PBXFileReference; lastKnownFileType = sourcecode.swift; path = A.swift; sourceTree = "<group>"; };
		36F2E5542B08976100794274 /* B.swift */ = {isa = PBXFileReference; lastKnownFileType = sourcecode.swift; path = B.swift; sourceTree = "<group>"; };
		36F2E5562B08976500794274 /* C.swift */ = {isa = PBXFileReference; lastKnownFileType = sourcecode.swift; path = C.swift; sourceTree = "<group>"; };
		36F2E5582B08979400794274 /* ImageLiteral.swift */ = {isa = PBXFileReference; lastKnownFileType = sourcecode.swift; path = ImageLiteral.swift; sourceTree = "<group>"; };
		36F2E55A2B08979F00794274 /* Font.swift */ = {isa = PBXFileReference; lastKnownFileType = sourcecode.swift; path = Font.swift; sourceTree = "<group>"; };
		36F2E55C2B0897A800794274 /* Color.swift */ = {isa = PBXFileReference; lastKnownFileType = sourcecode.swift; path = Color.swift; sourceTree = "<group>"; };
		36F2E5762B09CEDD00794274 /* Poppins-SemiBold.ttf */ = {isa = PBXFileReference; lastKnownFileType = file; path = "Poppins-SemiBold.ttf"; sourceTree = "<group>"; };
		36F2E5812B0A5F1800794274 /* CustomNavigationView.swift */ = {isa = PBXFileReference; lastKnownFileType = sourcecode.swift; path = CustomNavigationView.swift; sourceTree = "<group>"; };
		36F2E5832B0A61B900794274 /* UIStackView+.swift */ = {isa = PBXFileReference; lastKnownFileType = sourcecode.swift; path = "UIStackView+.swift"; sourceTree = "<group>"; };
		36F2E5872B0A746D00794274 /* UILabel+.swift */ = {isa = PBXFileReference; lastKnownFileType = sourcecode.swift; path = "UILabel+.swift"; sourceTree = "<group>"; };
/* End PBXFileReference section */

/* Begin PBXFrameworksBuildPhase section */
		02CEB9112B0868C30036A100 /* Frameworks */ = {
			isa = PBXFrameworksBuildPhase;
			buildActionMask = 2147483647;
			files = (
				36F2E5602B08AAA700794274 /* Kingfisher in Frameworks */,
				36F2E5632B08AAC900794274 /* FSCalendar in Frameworks */,
				02CEB92D2B08806B0036A100 /* SnapKit in Frameworks */,
			);
			runOnlyForDeploymentPostprocessing = 0;
		};
/* End PBXFrameworksBuildPhase section */

/* Begin PBXGroup section */
		02CEB90B2B0868C30036A100 = {
			isa = PBXGroup;
			children = (
				02CEB9162B0868C30036A100 /* Airbnb-iOS */,
				02CEB9152B0868C30036A100 /* Products */,
			);
			sourceTree = "<group>";
		};
		02CEB9152B0868C30036A100 /* Products */ = {
			isa = PBXGroup;
			children = (
				02CEB9142B0868C30036A100 /* Airbnb-iOS.app */,
			);
			name = Products;
			sourceTree = "<group>";
		};
		02CEB9162B0868C30036A100 /* Airbnb-iOS */ = {
			isa = PBXGroup;
			children = (
				36F2E54B2B0896BE00794274 /* Resource */,
				36F2E5452B0895CA00794274 /* Source */,
				02CEB9252B0868C40036A100 /* Info.plist */,
			);
			path = "Airbnb-iOS";
			sourceTree = "<group>";
		};
		34A8DE1D2B0DBEE100331C8D /* Where */ = {
			isa = PBXGroup;
			children = (
				34A8DE1E2B0DBF1000331C8D /* WhereViewController.swift */,
				34A8DE202B0DC62800331C8D /* WhereCollectionViewCell.swift */,
			);
			path = Where;
			sourceTree = "<group>";
		};
		367DB4012B0DC7E800B91AC8 /* WhoView */ = {
			isa = PBXGroup;
			children = (
				367DB4022B0DC83600B91AC8 /* WhoView.swift */,
				367DB4042B0DC84D00B91AC8 /* WhoViewViewController.swift */,
				367DB4062B0DD24B00B91AC8 /* AccompanyTableViewCell.swift */,
			);
			path = WhoView;
			sourceTree = "<group>";
		};
		367DB4232B0DF3F200B91AC8 /* Helper */ = {
			isa = PBXGroup;
			children = (
				367DB4282B0DF40400B91AC8 /* CalendarDateFormatter.swift */,
				367DB4242B0DF3F200B91AC8 /* SegmentButton.swift */,
				367DB4252B0DF3F200B91AC8 /* CalendarView.swift */,
			);
			path = Helper;
			sourceTree = "<group>";
		};
		36F2E5452B0895CA00794274 /* Source */ = {
			isa = PBXGroup;
			children = (
				36F2E54F2B08970500794274 /* Supports */,
				36F2E5462B08966900794274 /* Global */,
				36F2E5472B08967100794274 /* Extension */,
				36F2E54A2B08969800794274 /* Scenes */,
				36F2E5492B08968B00794274 /* Services */,
				36F2E5482B08967A00794274 /* Models */,
			);
			path = Source;
			sourceTree = "<group>";
		};
		36F2E5462B08966900794274 /* Global */ = {
			isa = PBXGroup;
			children = (
				36F2E5502B08975200794274 /* A.swift */,
			);
			path = Global;
			sourceTree = "<group>";
		};
		36F2E5472B08967100794274 /* Extension */ = {
			isa = PBXGroup;
			children = (
				367DB4212B0DF3CA00B91AC8 /* UIView+.swift */,
				367DB4182B0DF39900B91AC8 /* Adjust+.swift */,
				367DB4162B0DF39900B91AC8 /* String+.swift */,
				367DB4172B0DF39900B91AC8 /* UIButton+.swift */,
				367DB4152B0DF39900B91AC8 /* UILabel+.swift */,
				367DB4132B0DF39900B91AC8 /* UIScreen+.swift */,
				367DB4192B0DF39900B91AC8 /* UIStackView+.swift */,
				36F2E5832B0A61B900794274 /* UIStackView+.swift */,
				36F2E5872B0A746D00794274 /* UILabel+.swift */,
			);
			path = Extension;
			sourceTree = "<group>";
		};
		36F2E5482B08967A00794274 /* Models */ = {
			isa = PBXGroup;
			children = (
				36F2E5562B08976500794274 /* C.swift */,
			);
			path = Models;
			sourceTree = "<group>";
		};
		36F2E5492B08968B00794274 /* Services */ = {
			isa = PBXGroup;
			children = (
				36F2E5542B08976100794274 /* B.swift */,
			);
			path = Services;
			sourceTree = "<group>";
		};
		36F2E54A2B08969800794274 /* Scenes */ = {
			isa = PBXGroup;
			children = (
				36F2E5782B0A5C5E00794274 /* WhenScene */,
				367DB4282B0DF40400B91AC8 /* CalendarDateFormatter.swift */,
				34A8DE1D2B0DBEE100331C8D /* Where */,
				367DB4012B0DC7E800B91AC8 /* WhoView */,
				36F2E5802B0A5F0100794274 /* Helper */,
			);
			path = Scenes;
			sourceTree = "<group>";
		};
		36F2E54B2B0896BE00794274 /* Resource */ = {
			isa = PBXGroup;
			children = (
				36F2E54D2B0896D400794274 /* Font */,
				36F2E54C2B0896C200794274 /* Literals */,
				02CEB9222B0868C40036A100 /* LaunchScreen.storyboard */,
				02CEB9202B0868C40036A100 /* Assets.xcassets */,
			);
			path = Resource;
			sourceTree = "<group>";
		};
		36F2E54C2B0896C200794274 /* Literals */ = {
			isa = PBXGroup;
			children = (
				36F2E5762B09CEDD00794274 /* Poppins-SemiBold.ttf */,
				36F2E5582B08979400794274 /* ImageLiteral.swift */,
				36F2E55A2B08979F00794274 /* Font.swift */,
				36F2E55C2B0897A800794274 /* Color.swift */,
			);
			path = Literals;
			sourceTree = "<group>";
		};
		36F2E54D2B0896D400794274 /* Font */ = {
			isa = PBXGroup;
			children = (
			);
			path = Font;
			sourceTree = "<group>";
		};
		36F2E54F2B08970500794274 /* Supports */ = {
			isa = PBXGroup;
			children = (
				02CEB9172B0868C30036A100 /* AppDelegate.swift */,
				02CEB9192B0868C30036A100 /* SceneDelegate.swift */,
			);
			path = Supports;
			sourceTree = "<group>";
		};
		36F2E5782B0A5C5E00794274 /* WhenScene */ = {
			isa = PBXGroup;
			children = (
				367DB4232B0DF3F200B91AC8 /* Helper */,
				36F2E57B2B0A5C7D00794274 /* Cells */,
				36F2E57A2B0A5C7900794274 /* Views */,
				36F2E5792B0A5C7000794274 /* ViewControllers */,
			);
			path = WhenScene;
			sourceTree = "<group>";
		};
		36F2E5792B0A5C7000794274 /* ViewControllers */ = {
			isa = PBXGroup;
			children = (
				367DB4112B0DF38600B91AC8 /* WhenViewController.swift */,
			);
			path = ViewControllers;
			sourceTree = "<group>";
		};
		36F2E57A2B0A5C7900794274 /* Views */ = {
			isa = PBXGroup;
			children = (
				367DB40F2B0DF37F00B91AC8 /* WhenView.swift */,
			);
			path = Views;
			sourceTree = "<group>";
		};
		36F2E57B2B0A5C7D00794274 /* Cells */ = {
			isa = PBXGroup;
			children = (
				367DB4092B0DF32600B91AC8 /* DateSelectCollectionViewCell.swift */,
				367DB4082B0DF32600B91AC8 /* MonthlyCollectionViewCell.swift */,
			);
			path = Cells;
			sourceTree = "<group>";
		};
		36F2E5802B0A5F0100794274 /* Helper */ = {
			isa = PBXGroup;
			children = (
				36F2E5812B0A5F1800794274 /* CustomNavigationView.swift */,
			);
			path = Helper;
			sourceTree = "<group>";
		};
/* End PBXGroup section */

/* Begin PBXNativeTarget section */
		02CEB9132B0868C30036A100 /* Airbnb-iOS */ = {
			isa = PBXNativeTarget;
			buildConfigurationList = 02CEB9282B0868C40036A100 /* Build configuration list for PBXNativeTarget "Airbnb-iOS" */;
			buildPhases = (
				02CEB9102B0868C30036A100 /* Sources */,
				02CEB9112B0868C30036A100 /* Frameworks */,
				02CEB9122B0868C30036A100 /* Resources */,
			);
			buildRules = (
			);
			dependencies = (
			);
			name = "Airbnb-iOS";
			packageProductDependencies = (
				02CEB92C2B08806B0036A100 /* SnapKit */,
				36F2E55F2B08AAA700794274 /* Kingfisher */,
				36F2E5622B08AAC900794274 /* FSCalendar */,
			);
			productName = "Airbnb-iOS";
			productReference = 02CEB9142B0868C30036A100 /* Airbnb-iOS.app */;
			productType = "com.apple.product-type.application";
		};
/* End PBXNativeTarget section */

/* Begin PBXProject section */
		02CEB90C2B0868C30036A100 /* Project object */ = {
			isa = PBXProject;
			attributes = {
				BuildIndependentTargetsInParallel = 1;
				LastSwiftUpdateCheck = 1430;
				LastUpgradeCheck = 1430;
				TargetAttributes = {
					02CEB9132B0868C30036A100 = {
						CreatedOnToolsVersion = 14.3.1;
					};
				};
			};
			buildConfigurationList = 02CEB90F2B0868C30036A100 /* Build configuration list for PBXProject "Airbnb-iOS" */;
			compatibilityVersion = "Xcode 14.0";
			developmentRegion = en;
			hasScannedForEncodings = 0;
			knownRegions = (
				en,
				Base,
			);
			mainGroup = 02CEB90B2B0868C30036A100;
			packageReferences = (
				02CEB92B2B08806B0036A100 /* XCRemoteSwiftPackageReference "SnapKit" */,
				36F2E55E2B08AAA700794274 /* XCRemoteSwiftPackageReference "Kingfisher" */,
				36F2E5612B08AAC900794274 /* XCRemoteSwiftPackageReference "FSCalendar" */,
			);
			productRefGroup = 02CEB9152B0868C30036A100 /* Products */;
			projectDirPath = "";
			projectRoot = "";
			targets = (
				02CEB9132B0868C30036A100 /* Airbnb-iOS */,
			);
		};
/* End PBXProject section */

/* Begin PBXResourcesBuildPhase section */
		02CEB9122B0868C30036A100 /* Resources */ = {
			isa = PBXResourcesBuildPhase;
			buildActionMask = 2147483647;
			files = (
				02CEB9242B0868C40036A100 /* LaunchScreen.storyboard in Resources */,
				02CEB9212B0868C40036A100 /* Assets.xcassets in Resources */,
				36F2E5772B09CEDD00794274 /* Poppins-SemiBold.ttf in Resources */,
			);
			runOnlyForDeploymentPostprocessing = 0;
		};
/* End PBXResourcesBuildPhase section */

/* Begin PBXSourcesBuildPhase section */
		02CEB9102B0868C30036A100 /* Sources */ = {
			isa = PBXSourcesBuildPhase;
			buildActionMask = 2147483647;
			files = (
				367DB4202B0DF39900B91AC8 /* UIStackView+.swift in Sources */,
				34A8DE1F2B0DBF1000331C8D /* WhereViewController.swift in Sources */,
				36F2E5552B08976100794274 /* B.swift in Sources */,
				367DB40B2B0DF32600B91AC8 /* DateSelectCollectionViewCell.swift in Sources */,
				367DB4102B0DF37F00B91AC8 /* WhenView.swift in Sources */,
				02CEB9182B0868C30036A100 /* AppDelegate.swift in Sources */,
				3686A6D12B0D0BE20072261D /* (null) in Sources */,
				36F2E5882B0A746D00794274 /* UILabel+.swift in Sources */,
				367DB41E2B0DF39900B91AC8 /* UIButton+.swift in Sources */,
				367DB41C2B0DF39900B91AC8 /* UILabel+.swift in Sources */,
				3686A6C52B0CA07F0072261D /* (null) in Sources */,
				367DB41F2B0DF39900B91AC8 /* Adjust+.swift in Sources */,
				367DB4122B0DF38600B91AC8 /* WhenViewController.swift in Sources */,
				367DB41D2B0DF39900B91AC8 /* String+.swift in Sources */,
				367DB4272B0DF3F200B91AC8 /* CalendarView.swift in Sources */,
				34A8DE212B0DC62800331C8D /* WhereCollectionViewCell.swift in Sources */,
				36F2E5882B0A746D00794274 /* UILabel+.swift in Sources */,
				36F2E55D2B0897A800794274 /* Color.swift in Sources */,
				3686A6C92B0CB2840072261D /* (null) in Sources */,
				367DB4072B0DD24B00B91AC8 /* AccompanyTableViewCell.swift in Sources */,
				367DB4032B0DC83600B91AC8 /* WhoView.swift in Sources */,
				02CEB91A2B0868C30036A100 /* SceneDelegate.swift in Sources */,
				36F2E5512B08975200794274 /* A.swift in Sources */,
				36F2E55B2B08979F00794274 /* Font.swift in Sources */,
				36F2E5842B0A61B900794274 /* UIStackView+.swift in Sources */,
				36F2E5592B08979400794274 /* ImageLiteral.swift in Sources */,
				367DB4052B0DC84D00B91AC8 /* WhoViewViewController.swift in Sources */,
				36F2E5822B0A5F1800794274 /* CustomNavigationView.swift in Sources */,
				367DB4262B0DF3F200B91AC8 /* SegmentButton.swift in Sources */,
				36F2E57F2B0A5C9B00794274 /* (null) in Sources */,
				367DB40A2B0DF32600B91AC8 /* MonthlyCollectionViewCell.swift in Sources */,
				367DB4222B0DF3CA00B91AC8 /* UIView+.swift in Sources */,
				367DB41A2B0DF39900B91AC8 /* UIScreen+.swift in Sources */,
				36F2E5592B08979400794274 /* ImageLiteral.swift in Sources */,
				36F2E5822B0A5F1800794274 /* CustomNavigationView.swift in Sources */,
				36F2E5572B08976500794274 /* C.swift in Sources */,
				367DB4292B0DF40400B91AC8 /* CalendarDateFormatter.swift in Sources */,
				3686A6C72B0CAD6A0072261D /* (null) in Sources */,
				36F2E57D2B0A5C8900794274 /* (null) in Sources */,
				36983A0F2B0BD8A300E05FFE /* (null) in Sources */,
			);
			runOnlyForDeploymentPostprocessing = 0;
		};
/* End PBXSourcesBuildPhase section */

/* Begin PBXVariantGroup section */
		02CEB9222B0868C40036A100 /* LaunchScreen.storyboard */ = {
			isa = PBXVariantGroup;
			children = (
				02CEB9232B0868C40036A100 /* Base */,
			);
			name = LaunchScreen.storyboard;
			sourceTree = "<group>";
		};
/* End PBXVariantGroup section */

/* Begin XCBuildConfiguration section */
		02CEB9262B0868C40036A100 /* Debug */ = {
			isa = XCBuildConfiguration;
			buildSettings = {
				ALWAYS_SEARCH_USER_PATHS = NO;
				CLANG_ANALYZER_NONNULL = YES;
				CLANG_ANALYZER_NUMBER_OBJECT_CONVERSION = YES_AGGRESSIVE;
				CLANG_CXX_LANGUAGE_STANDARD = "gnu++20";
				CLANG_ENABLE_MODULES = YES;
				CLANG_ENABLE_OBJC_ARC = YES;
				CLANG_ENABLE_OBJC_WEAK = YES;
				CLANG_WARN_BLOCK_CAPTURE_AUTORELEASING = YES;
				CLANG_WARN_BOOL_CONVERSION = YES;
				CLANG_WARN_COMMA = YES;
				CLANG_WARN_CONSTANT_CONVERSION = YES;
				CLANG_WARN_DEPRECATED_OBJC_IMPLEMENTATIONS = YES;
				CLANG_WARN_DIRECT_OBJC_ISA_USAGE = YES_ERROR;
				CLANG_WARN_DOCUMENTATION_COMMENTS = YES;
				CLANG_WARN_EMPTY_BODY = YES;
				CLANG_WARN_ENUM_CONVERSION = YES;
				CLANG_WARN_INFINITE_RECURSION = YES;
				CLANG_WARN_INT_CONVERSION = YES;
				CLANG_WARN_NON_LITERAL_NULL_CONVERSION = YES;
				CLANG_WARN_OBJC_IMPLICIT_RETAIN_SELF = YES;
				CLANG_WARN_OBJC_LITERAL_CONVERSION = YES;
				CLANG_WARN_OBJC_ROOT_CLASS = YES_ERROR;
				CLANG_WARN_QUOTED_INCLUDE_IN_FRAMEWORK_HEADER = YES;
				CLANG_WARN_RANGE_LOOP_ANALYSIS = YES;
				CLANG_WARN_STRICT_PROTOTYPES = YES;
				CLANG_WARN_SUSPICIOUS_MOVE = YES;
				CLANG_WARN_UNGUARDED_AVAILABILITY = YES_AGGRESSIVE;
				CLANG_WARN_UNREACHABLE_CODE = YES;
				CLANG_WARN__DUPLICATE_METHOD_MATCH = YES;
				COPY_PHASE_STRIP = NO;
				DEBUG_INFORMATION_FORMAT = dwarf;
				ENABLE_STRICT_OBJC_MSGSEND = YES;
				ENABLE_TESTABILITY = YES;
				GCC_C_LANGUAGE_STANDARD = gnu11;
				GCC_DYNAMIC_NO_PIC = NO;
				GCC_NO_COMMON_BLOCKS = YES;
				GCC_OPTIMIZATION_LEVEL = 0;
				GCC_PREPROCESSOR_DEFINITIONS = (
					"DEBUG=1",
					"$(inherited)",
				);
				GCC_WARN_64_TO_32_BIT_CONVERSION = YES;
				GCC_WARN_ABOUT_RETURN_TYPE = YES_ERROR;
				GCC_WARN_UNDECLARED_SELECTOR = YES;
				GCC_WARN_UNINITIALIZED_AUTOS = YES_AGGRESSIVE;
				GCC_WARN_UNUSED_FUNCTION = YES;
				GCC_WARN_UNUSED_VARIABLE = YES;
				IPHONEOS_DEPLOYMENT_TARGET = 16.4;
				MTL_ENABLE_DEBUG_INFO = INCLUDE_SOURCE;
				MTL_FAST_MATH = YES;
				ONLY_ACTIVE_ARCH = YES;
				SDKROOT = iphoneos;
				SWIFT_ACTIVE_COMPILATION_CONDITIONS = DEBUG;
				SWIFT_OPTIMIZATION_LEVEL = "-Onone";
			};
			name = Debug;
		};
		02CEB9272B0868C40036A100 /* Release */ = {
			isa = XCBuildConfiguration;
			buildSettings = {
				ALWAYS_SEARCH_USER_PATHS = NO;
				CLANG_ANALYZER_NONNULL = YES;
				CLANG_ANALYZER_NUMBER_OBJECT_CONVERSION = YES_AGGRESSIVE;
				CLANG_CXX_LANGUAGE_STANDARD = "gnu++20";
				CLANG_ENABLE_MODULES = YES;
				CLANG_ENABLE_OBJC_ARC = YES;
				CLANG_ENABLE_OBJC_WEAK = YES;
				CLANG_WARN_BLOCK_CAPTURE_AUTORELEASING = YES;
				CLANG_WARN_BOOL_CONVERSION = YES;
				CLANG_WARN_COMMA = YES;
				CLANG_WARN_CONSTANT_CONVERSION = YES;
				CLANG_WARN_DEPRECATED_OBJC_IMPLEMENTATIONS = YES;
				CLANG_WARN_DIRECT_OBJC_ISA_USAGE = YES_ERROR;
				CLANG_WARN_DOCUMENTATION_COMMENTS = YES;
				CLANG_WARN_EMPTY_BODY = YES;
				CLANG_WARN_ENUM_CONVERSION = YES;
				CLANG_WARN_INFINITE_RECURSION = YES;
				CLANG_WARN_INT_CONVERSION = YES;
				CLANG_WARN_NON_LITERAL_NULL_CONVERSION = YES;
				CLANG_WARN_OBJC_IMPLICIT_RETAIN_SELF = YES;
				CLANG_WARN_OBJC_LITERAL_CONVERSION = YES;
				CLANG_WARN_OBJC_ROOT_CLASS = YES_ERROR;
				CLANG_WARN_QUOTED_INCLUDE_IN_FRAMEWORK_HEADER = YES;
				CLANG_WARN_RANGE_LOOP_ANALYSIS = YES;
				CLANG_WARN_STRICT_PROTOTYPES = YES;
				CLANG_WARN_SUSPICIOUS_MOVE = YES;
				CLANG_WARN_UNGUARDED_AVAILABILITY = YES_AGGRESSIVE;
				CLANG_WARN_UNREACHABLE_CODE = YES;
				CLANG_WARN__DUPLICATE_METHOD_MATCH = YES;
				COPY_PHASE_STRIP = NO;
				DEBUG_INFORMATION_FORMAT = "dwarf-with-dsym";
				ENABLE_NS_ASSERTIONS = NO;
				ENABLE_STRICT_OBJC_MSGSEND = YES;
				GCC_C_LANGUAGE_STANDARD = gnu11;
				GCC_NO_COMMON_BLOCKS = YES;
				GCC_WARN_64_TO_32_BIT_CONVERSION = YES;
				GCC_WARN_ABOUT_RETURN_TYPE = YES_ERROR;
				GCC_WARN_UNDECLARED_SELECTOR = YES;
				GCC_WARN_UNINITIALIZED_AUTOS = YES_AGGRESSIVE;
				GCC_WARN_UNUSED_FUNCTION = YES;
				GCC_WARN_UNUSED_VARIABLE = YES;
				IPHONEOS_DEPLOYMENT_TARGET = 16.4;
				MTL_ENABLE_DEBUG_INFO = NO;
				MTL_FAST_MATH = YES;
				SDKROOT = iphoneos;
				SWIFT_COMPILATION_MODE = wholemodule;
				SWIFT_OPTIMIZATION_LEVEL = "-O";
				VALIDATE_PRODUCT = YES;
			};
			name = Release;
		};
		02CEB9292B0868C40036A100 /* Debug */ = {
			isa = XCBuildConfiguration;
			buildSettings = {
				ASSETCATALOG_COMPILER_APPICON_NAME = AppIcon;
				ASSETCATALOG_COMPILER_GLOBAL_ACCENT_COLOR_NAME = AccentColor;
				CODE_SIGN_STYLE = Automatic;
				CURRENT_PROJECT_VERSION = 1;
				DEVELOPMENT_TEAM = SP5RUYUBZY;
				GENERATE_INFOPLIST_FILE = YES;
				INFOPLIST_FILE = "Airbnb-iOS/Info.plist";
				INFOPLIST_KEY_UIApplicationSupportsIndirectInputEvents = YES;
				INFOPLIST_KEY_UILaunchStoryboardName = LaunchScreen;
				INFOPLIST_KEY_UISupportedInterfaceOrientations_iPad = "UIInterfaceOrientationPortrait UIInterfaceOrientationPortraitUpsideDown UIInterfaceOrientationLandscapeLeft UIInterfaceOrientationLandscapeRight";
				INFOPLIST_KEY_UISupportedInterfaceOrientations_iPhone = "UIInterfaceOrientationPortrait UIInterfaceOrientationLandscapeLeft UIInterfaceOrientationLandscapeRight";
				LD_RUNPATH_SEARCH_PATHS = (
					"$(inherited)",
					"@executable_path/Frameworks",
				);
				MARKETING_VERSION = 1.0;
				PRODUCT_BUNDLE_IDENTIFIER = "net.joeun.Airbnb-iOS";
				PRODUCT_NAME = "$(TARGET_NAME)";
				SWIFT_EMIT_LOC_STRINGS = YES;
				SWIFT_VERSION = 5.0;
				TARGETED_DEVICE_FAMILY = "1,2";
			};
			name = Debug;
		};
		02CEB92A2B0868C40036A100 /* Release */ = {
			isa = XCBuildConfiguration;
			buildSettings = {
				ASSETCATALOG_COMPILER_APPICON_NAME = AppIcon;
				ASSETCATALOG_COMPILER_GLOBAL_ACCENT_COLOR_NAME = AccentColor;
				CODE_SIGN_STYLE = Automatic;
				CURRENT_PROJECT_VERSION = 1;
				DEVELOPMENT_TEAM = SP5RUYUBZY;
				GENERATE_INFOPLIST_FILE = YES;
				INFOPLIST_FILE = "Airbnb-iOS/Info.plist";
				INFOPLIST_KEY_UIApplicationSupportsIndirectInputEvents = YES;
				INFOPLIST_KEY_UILaunchStoryboardName = LaunchScreen;
				INFOPLIST_KEY_UISupportedInterfaceOrientations_iPad = "UIInterfaceOrientationPortrait UIInterfaceOrientationPortraitUpsideDown UIInterfaceOrientationLandscapeLeft UIInterfaceOrientationLandscapeRight";
				INFOPLIST_KEY_UISupportedInterfaceOrientations_iPhone = "UIInterfaceOrientationPortrait UIInterfaceOrientationLandscapeLeft UIInterfaceOrientationLandscapeRight";
				LD_RUNPATH_SEARCH_PATHS = (
					"$(inherited)",
					"@executable_path/Frameworks",
				);
				MARKETING_VERSION = 1.0;
				PRODUCT_BUNDLE_IDENTIFIER = "net.joeun.Airbnb-iOS";
				PRODUCT_NAME = "$(TARGET_NAME)";
				SWIFT_EMIT_LOC_STRINGS = YES;
				SWIFT_VERSION = 5.0;
				TARGETED_DEVICE_FAMILY = "1,2";
			};
			name = Release;
		};
/* End XCBuildConfiguration section */

/* Begin XCConfigurationList section */
		02CEB90F2B0868C30036A100 /* Build configuration list for PBXProject "Airbnb-iOS" */ = {
			isa = XCConfigurationList;
			buildConfigurations = (
				02CEB9262B0868C40036A100 /* Debug */,
				02CEB9272B0868C40036A100 /* Release */,
			);
			defaultConfigurationIsVisible = 0;
			defaultConfigurationName = Release;
		};
		02CEB9282B0868C40036A100 /* Build configuration list for PBXNativeTarget "Airbnb-iOS" */ = {
			isa = XCConfigurationList;
			buildConfigurations = (
				02CEB9292B0868C40036A100 /* Debug */,
				02CEB92A2B0868C40036A100 /* Release */,
			);
			defaultConfigurationIsVisible = 0;
			defaultConfigurationName = Release;
		};
/* End XCConfigurationList section */

/* Begin XCRemoteSwiftPackageReference section */
		02CEB92B2B08806B0036A100 /* XCRemoteSwiftPackageReference "SnapKit" */ = {
			isa = XCRemoteSwiftPackageReference;
			repositoryURL = "https://github.com/SnapKit/SnapKit.git";
			requirement = {
				kind = upToNextMajorVersion;
				minimumVersion = 5.0.0;
			};
		};
		36F2E55E2B08AAA700794274 /* XCRemoteSwiftPackageReference "Kingfisher" */ = {
			isa = XCRemoteSwiftPackageReference;
			repositoryURL = "https://github.com/onevcat/Kingfisher";
			requirement = {
				kind = upToNextMajorVersion;
				minimumVersion = 7.0.0;
			};
		};
		36F2E5612B08AAC900794274 /* XCRemoteSwiftPackageReference "FSCalendar" */ = {
			isa = XCRemoteSwiftPackageReference;
			repositoryURL = "https://github.com/WenchaoD/FSCalendar.git";
			requirement = {
				kind = upToNextMajorVersion;
				minimumVersion = 2.0.0;
			};
		};
/* End XCRemoteSwiftPackageReference section */

/* Begin XCSwiftPackageProductDependency section */
		02CEB92C2B08806B0036A100 /* SnapKit */ = {
			isa = XCSwiftPackageProductDependency;
			package = 02CEB92B2B08806B0036A100 /* XCRemoteSwiftPackageReference "SnapKit" */;
			productName = SnapKit;
		};
		36F2E55F2B08AAA700794274 /* Kingfisher */ = {
			isa = XCSwiftPackageProductDependency;
			package = 36F2E55E2B08AAA700794274 /* XCRemoteSwiftPackageReference "Kingfisher" */;
			productName = Kingfisher;
		};
		36F2E5622B08AAC900794274 /* FSCalendar */ = {
			isa = XCSwiftPackageProductDependency;
			package = 36F2E5612B08AAC900794274 /* XCRemoteSwiftPackageReference "FSCalendar" */;
			productName = FSCalendar;
		};
/* End XCSwiftPackageProductDependency section */
	};
	rootObject = 02CEB90C2B0868C30036A100 /* Project object */;
}
